
Microsoft Visual Studio Solution File, Format Version 12.00
# Visual Studio Version 17
VisualStudioVersion = 17.7.34202.233
MinimumVisualStudioVersion = 10.0.40219.1
Project("{FAE04EC0-301F-11D3-BF4B-00C04F79EFBC}") = "ITS.Indra.API", "ITS.Indra.API\ITS.Indra.API.csproj", "{3212F30F-0ED1-40FF-8EB0-B94BEC88A383}"
EndProject
Project("{FAE04EC0-301F-11D3-BF4B-00C04F79EFBC}") = "ITS.Indra.ApplicationCore", "ITS.Indra.ApplicationCore\ITS.Indra.ApplicationCore.csproj", "{CCB35082-371D-44B8-A0EC-A1D8DCBF0DA2}"
EndProject
Project("{FAE04EC0-301F-11D3-BF4B-00C04F79EFBC}") = "ITS.Indra.Infrastructure", "ITS.Indra.Infrastructure\ITS.Indra.Infrastructure.csproj", "{B4AD50BF-6223-4B30-BFD6-9A65F45D6961}"
EndProject
Global
	GlobalSection(SolutionConfigurationPlatforms) = preSolution
		Debug|Any CPU = Debug|Any CPU
		Release|Any CPU = Release|Any CPU
	EndGlobalSection
	GlobalSection(ProjectConfigurationPlatforms) = postSolution
		{3212F30F-0ED1-40FF-8EB0-B94BEC88A383}.Debug|Any CPU.ActiveCfg = Debug|Any CPU
		{3212F30F-0ED1-40FF-8EB0-B94BEC88A383}.Debug|Any CPU.Build.0 = Debug|Any CPU
		{3212F30F-0ED1-40FF-8EB0-B94BEC88A383}.Release|Any CPU.ActiveCfg = Release|Any CPU
		{3212F30F-0ED1-40FF-8EB0-B94BEC88A383}.Release|Any CPU.Build.0 = Release|Any CPU
		{CCB35082-371D-44B8-A0EC-A1D8DCBF0DA2}.Debug|Any CPU.ActiveCfg = Debug|Any CPU
		{CCB35082-371D-44B8-A0EC-A1D8DCBF0DA2}.Debug|Any CPU.Build.0 = Debug|Any CPU
		{CCB35082-371D-44B8-A0EC-A1D8DCBF0DA2}.Release|Any CPU.ActiveCfg = Release|Any CPU
		{CCB35082-371D-44B8-A0EC-A1D8DCBF0DA2}.Release|Any CPU.Build.0 = Release|Any CPU
		{B4AD50BF-6223-4B30-BFD6-9A65F45D6961}.Debug|Any CPU.ActiveCfg = Debug|Any CPU
		{B4AD50BF-6223-4B30-BFD6-9A65F45D6961}.Debug|Any CPU.Build.0 = Debug|Any CPU
		{B4AD50BF-6223-4B30-BFD6-9A65F45D6961}.Release|Any CPU.ActiveCfg = Release|Any CPU
		{B4AD50BF-6223-4B30-BFD6-9A65F45D6961}.Release|Any CPU.Build.0 = Release|Any CPU
	EndGlobalSection
	GlobalSection(SolutionProperties) = preSolution
		HideSolutionNode = FALSE
	EndGlobalSection
	GlobalSection(ExtensibilityGlobals) = postSolution
		SolutionGuid = {714D792A-31B5-4531-8204-A94F3F66379C}
	EndGlobalSection
EndGlobal
